
Microsoft Visual Studio Solution File, Format Version 12.00
# Visual Studio Version 17
VisualStudioVersion = 17.1.32328.378
MinimumVisualStudioVersion = 10.0.40219.1
Project("{FAE04EC0-301F-11D3-BF4B-00C04F79EFBC}") = "csharp-geometria", "csharp-geometria\csharp-geometria.csproj", "{C8D5E86C-3DB2-46DB-AA6E-BCBD5BFC6AA8}"
EndProject
Global
	GlobalSection(SolutionConfigurationPlatforms) = preSolution
		Debug|Any CPU = Debug|Any CPU
		Release|Any CPU = Release|Any CPU
	EndGlobalSection
	GlobalSection(ProjectConfigurationPlatforms) = postSolution
		{C8D5E86C-3DB2-46DB-AA6E-BCBD5BFC6AA8}.Debug|Any CPU.ActiveCfg = Debug|Any CPU
		{C8D5E86C-3DB2-46DB-AA6E-BCBD5BFC6AA8}.Debug|Any CPU.Build.0 = Debug|Any CPU
		{C8D5E86C-3DB2-46DB-AA6E-BCBD5BFC6AA8}.Release|Any CPU.ActiveCfg = Release|Any CPU
		{C8D5E86C-3DB2-46DB-AA6E-BCBD5BFC6AA8}.Release|Any CPU.Build.0 = Release|Any CPU
	EndGlobalSection
	GlobalSection(SolutionProperties) = preSolution
		HideSolutionNode = FALSE
	EndGlobalSection
	GlobalSection(ExtensibilityGlobals) = postSolution
		SolutionGuid = {B080E073-0AFB-46E6-B98E-E0D90E029A00}
	EndGlobalSection
EndGlobal
